// !$*UTF8*$!
{
	archiveVersion = 1;
	classes = {
	};
	objectVersion = 46;
	objects = {

/* Begin PBXBuildFile section */
		462FA91B1E6475A6006DEFC6 /* main.cpp in Sources */ = {isa = PBXBuildFile; fileRef = 462FA91A1E6475A6006DEFC6 /* main.cpp */; };
		46ACC19E1E71E93800162B51 /* SampleInput.txt in CopyFiles */ = {isa = PBXBuildFile; fileRef = 46ACC19B1E71E33200162B51 /* SampleInput.txt */; };
		46ACC19F1E71E93800162B51 /* SampleOutput.txt in CopyFiles */ = {isa = PBXBuildFile; fileRef = 46ACC19C1E71E33200162B51 /* SampleOutput.txt */; };
/* End PBXBuildFile section */

/* Begin PBXCopyFilesBuildPhase section */
		462FA9151E6475A5006DEFC6 /* CopyFiles */ = {
			isa = PBXCopyFilesBuildPhase;
			buildActionMask = 2147483647;
			dstPath = /usr/share/man/man1;
			dstSubfolderSpec = 0;
			files = (
			);
			runOnlyForDeploymentPostprocessing = 1;
		};
		46ACC19D1E71E92400162B51 /* CopyFiles */ = {
			isa = PBXCopyFilesBuildPhase;
			buildActionMask = 2147483647;
			dstPath = "";
			dstSubfolderSpec = 16;
			files = (
				46ACC19E1E71E93800162B51 /* SampleInput.txt in CopyFiles */,
				46ACC19F1E71E93800162B51 /* SampleOutput.txt in CopyFiles */,
			);
			runOnlyForDeploymentPostprocessing = 0;
		};
/* End PBXCopyFilesBuildPhase section */

/* Begin PBXFileReference section */
		462FA9171E6475A6006DEFC6 /* Assignment6 */ = {isa = PBXFileReference; explicitFileType = "compiled.mach-o.executable"; includeInIndex = 0; path = Assignment6; sourceTree = BUILT_PRODUCTS_DIR; };
		462FA91A1E6475A6006DEFC6 /* main.cpp */ = {isa = PBXFileReference; lastKnownFileType = sourcecode.cpp.cpp; path = main.cpp; sourceTree = "<group>"; };
		46ACC19B1E71E33200162B51 /* SampleInput.txt */ = {isa = PBXFileReference; lastKnownFileType = text; path = SampleInput.txt; sourceTree = "<group>"; };
		46ACC19C1E71E33200162B51 /* SampleOutput.txt */ = {isa = PBXFileReference; lastKnownFileType = text; path = SampleOutput.txt; sourceTree = "<group>"; };
		46C41E8A1E70ADB000835927 /* Assignment6.cpp */ = {isa = PBXFileReference; fileEncoding = 4; lastKnownFileType = sourcecode.cpp.cpp; path = Assignment6.cpp; sourceTree = "<group>"; };
/* End PBXFileReference section */

/* Begin PBXFrameworksBuildPhase section */
		462FA9141E6475A5006DEFC6 /* Frameworks */ = {
			isa = PBXFrameworksBuildPhase;
			buildActionMask = 2147483647;
			files = (
			);
			runOnlyForDeploymentPostprocessing = 0;
		};
/* End PBXFrameworksBuildPhase section */

/* Begin PBXGroup section */
		462FA90E1E6475A5006DEFC6 = {
			isa = PBXGroup;
			children = (
				462FA9191E6475A6006DEFC6 /* Assignment6 */,
				462FA9181E6475A6006DEFC6 /* Products */,
			);
			sourceTree = "<group>";
			usesTabs = 1;
		};
		462FA9181E6475A6006DEFC6 /* Products */ = {
			isa = PBXGroup;
			children = (
				462FA9171E6475A6006DEFC6 /* Assignment6 */,
			);
			name = Products;
			sourceTree = "<group>";
		};
		462FA9191E6475A6006DEFC6 /* Assignment6 */ = {
			isa = PBXGroup;
			children = (
				462FA91A1E6475A6006DEFC6 /* main.cpp */,
				46C41E8A1E70ADB000835927 /* Assignment6.cpp */,
				46ACC19B1E71E33200162B51 /* SampleInput.txt */,
				46ACC19C1E71E33200162B51 /* SampleOutput.txt */,
			);
			name = Assignment6;
			path = Assignment5;
			sourceTree = "<group>";
		};
/* End PBXGroup section */

/* Begin PBXNativeTarget section */
		462FA9161E6475A5006DEFC6 /* Assignment6 */ = {
			isa = PBXNativeTarget;
			buildConfigurationList = 462FA91E1E6475A6006DEFC6 /* Build configuration list for PBXNativeTarget "Assignment6" */;
			buildPhases = (
				462FA9131E6475A5006DEFC6 /* Sources */,
				462FA9141E6475A5006DEFC6 /* Frameworks */,
				462FA9151E6475A5006DEFC6 /* CopyFiles */,
				462FA9221E65CBB8006DEFC6 /* ShellScript */,
				46ACC19D1E71E92400162B51 /* CopyFiles */,
			);
			buildRules = (
			);
			dependencies = (
			);
			name = Assignment6;
			productName = Assignment5;
			productReference = 462FA9171E6475A6006DEFC6 /* Assignment6 */;
			productType = "com.apple.product-type.tool";
		};
/* End PBXNativeTarget section */

/* Begin PBXProject section */
		462FA90F1E6475A5006DEFC6 /* Project object */ = {
			isa = PBXProject;
			attributes = {
				LastUpgradeCheck = 0820;
				ORGANIZATIONNAME = John;
				TargetAttributes = {
					462FA9161E6475A5006DEFC6 = {
						CreatedOnToolsVersion = 8.2.1;
						ProvisioningStyle = Automatic;
					};
				};
			};
			buildConfigurationList = 462FA9121E6475A5006DEFC6 /* Build configuration list for PBXProject "Assignment6" */;
			compatibilityVersion = "Xcode 3.2";
			developmentRegion = English;
			hasScannedForEncodings = 0;
			knownRegions = (
				en,
			);
			mainGroup = 462FA90E1E6475A5006DEFC6;
			productRefGroup = 462FA9181E6475A6006DEFC6 /* Products */;
			projectDirPath = "";
			projectRoot = "";
			targets = (
				462FA9161E6475A5006DEFC6 /* Assignment6 */,
			);
		};
/* End PBXProject section */

/* Begin PBXShellScriptBuildPhase section */
		462FA9221E65CBB8006DEFC6 /* ShellScript */ = {
			isa = PBXShellScriptBuildPhase;
			buildActionMask = 2147483647;
			files = (
			);
			inputPaths = (
			);
			outputPaths = (
			);
			runOnlyForDeploymentPostprocessing = 0;
			shellPath = /bin/sh;
			shellScript = "cd $PROJECT_DIR/Assignment5/\nzip -r $PROJECT_NAME.zip *\ncp $PROJECT_DIR/Assignment5/$PROJECT_NAME.zip ../..\nrm -f $PROJECT_NAME.zip";
			showEnvVarsInLog = 0;
		};
/* End PBXShellScriptBuildPhase section */

/* Begin PBXSourcesBuildPhase section */
		462FA9131E6475A5006DEFC6 /* Sources */ = {
			isa = PBXSourcesBuildPhase;
			buildActionMask = 2147483647;
			files = (
				462FA91B1E6475A6006DEFC6 /* main.cpp in Sources */,
			);
			runOnlyForDeploymentPostprocessing = 0;
		};
/* End PBXSourcesBuildPhase section */

/* Begin XCBuildConfiguration section */
		462FA91C1E6475A6006DEFC6 /* Debug */ = {
			isa = XCBuildConfiguration;
			buildSettings = {
				ALWAYS_SEARCH_USER_PATHS = NO;
				CLANG_ANALYZER_NONNULL = YES;
				CLANG_CXX_LANGUAGE_STANDARD = "gnu++0x";
				CLANG_CXX_LIBRARY = "libc++";
				CLANG_ENABLE_MODULES = NO;
				CLANG_ENABLE_OBJC_ARC = NO;
				CLANG_WARN_BOOL_CONVERSION = YES;
				CLANG_WARN_CONSTANT_CONVERSION = YES;
				CLANG_WARN_DIRECT_OBJC_ISA_USAGE = YES_ERROR;
				CLANG_WARN_DOCUMENTATION_COMMENTS = YES;
				CLANG_WARN_EMPTY_BODY = YES;
				CLANG_WARN_ENUM_CONVERSION = YES;
				CLANG_WARN_INFINITE_RECURSION = YES;
				CLANG_WARN_INT_CONVERSION = YES;
				CLANG_WARN_OBJC_ROOT_CLASS = YES_ERROR;
				CLANG_WARN_SUSPICIOUS_MOVE = YES;
				CLANG_WARN_UNREACHABLE_CODE = YES;
				CLANG_WARN__DUPLICATE_METHOD_MATCH = YES;
				CODE_SIGN_IDENTITY = "-";
				COPY_PHASE_STRIP = YES;
				DEBUG_INFORMATION_FORMAT = dwarf;
				ENABLE_STRICT_OBJC_MSGSEND = YES;
				ENABLE_TESTABILITY = NO;
				GCC_C_LANGUAGE_STANDARD = gnu99;
				GCC_DYNAMIC_NO_PIC = NO;
				GCC_NO_COMMON_BLOCKS = NO;
				GCC_OPTIMIZATION_LEVEL = 0;
				GCC_PREPROCESSOR_DEFINITIONS = (
					"DEBUG=1",
					"$(inherited)",
				);
				GCC_WARN_64_TO_32_BIT_CONVERSION = YES;
				GCC_WARN_ABOUT_RETURN_TYPE = YES_ERROR;
				GCC_WARN_UNDECLARED_SELECTOR = YES;
				GCC_WARN_UNINITIALIZED_AUTOS = YES_AGGRESSIVE;
				GCC_WARN_UNUSED_FUNCTION = YES;
				GCC_WARN_UNUSED_VARIABLE = YES;
				MACOSX_DEPLOYMENT_TARGET = 10.12;
				MTL_ENABLE_DEBUG_INFO = YES;
				ONLY_ACTIVE_ARCH = YES;
				SDKROOT = macosx10.12;
			};
			name = Debug;
		};
		462FA91D1E6475A6006DEFC6 /* Release */ = {
			isa = XCBuildConfiguration;
			buildSettings = {
				ALWAYS_SEARCH_USER_PATHS = NO;
				CLANG_ANALYZER_NONNULL = YES;
				CLANG_CXX_LANGUAGE_STANDARD = "gnu++0x";
				CLANG_CXX_LIBRARY = "libc++";
				CLANG_ENABLE_MODULES = NO;
				CLANG_ENABLE_OBJC_ARC = NO;
				CLANG_WARN_BOOL_CONVERSION = YES;
				CLANG_WARN_CONSTANT_CONVERSION = YES;
				CLANG_WARN_DIRECT_OBJC_ISA_USAGE = YES_ERROR;
				CLANG_WARN_DOCUMENTATION_COMMENTS = YES;
				CLANG_WARN_EMPTY_BODY = YES;
				CLANG_WARN_ENUM_CONVERSION = YES;
				CLANG_WARN_INFINITE_RECURSION = YES;
				CLANG_WARN_INT_CONVERSION = YES;
				CLANG_WARN_OBJC_ROOT_CLASS = YES_ERROR;
				CLANG_WARN_SUSPICIOUS_MOVE = YES;
				CLANG_WARN_UNREACHABLE_CODE = YES;
				CLANG_WARN__DUPLICATE_METHOD_MATCH = YES;
				CODE_SIGN_IDENTITY = "-";
				COPY_PHASE_STRIP = YES;
				DEBUG_INFORMATION_FORMAT = "dwarf-with-dsym";
				ENABLE_NS_ASSERTIONS = NO;
				ENABLE_STRICT_OBJC_MSGSEND = YES;
				ENABLE_TESTABILITY = NO;
				GCC_C_LANGUAGE_STANDARD = gnu99;
				GCC_NO_COMMON_BLOCKS = NO;
				GCC_OPTIMIZATION_LEVEL = 0;
				GCC_WARN_64_TO_32_BIT_CONVERSION = YES;
				GCC_WARN_ABOUT_RETURN_TYPE = YES_ERROR;
				GCC_WARN_UNDECLARED_SELECTOR = YES;
				GCC_WARN_UNINITIALIZED_AUTOS = YES_AGGRESSIVE;
				GCC_WARN_UNUSED_FUNCTION = YES;
				GCC_WARN_UNUSED_VARIABLE = YES;
				MACOSX_DEPLOYMENT_TARGET = 10.12;
				MTL_ENABLE_DEBUG_INFO = NO;
				ONLY_ACTIVE_ARCH = YES;
				SDKROOT = macosx10.12;
			};
			name = Release;
		};
		462FA91F1E6475A6006DEFC6 /* Debug */ = {
			isa = XCBuildConfiguration;
			buildSettings = {
				PRODUCT_NAME = "$(TARGET_NAME)";
			};
			name = Debug;
		};
		462FA9201E6475A6006DEFC6 /* Release */ = {
			isa = XCBuildConfiguration;
			buildSettings = {
				PRODUCT_NAME = "$(TARGET_NAME)";
			};
			name = Release;
		};
/* End XCBuildConfiguration section */

/* Begin XCConfigurationList section */
		462FA9121E6475A5006DEFC6 /* Build configuration list for PBXProject "Assignment6" */ = {
			isa = XCConfigurationList;
			buildConfigurations = (
				462FA91C1E6475A6006DEFC6 /* Debug */,
				462FA91D1E6475A6006DEFC6 /* Release */,
			);
			defaultConfigurationIsVisible = 0;
			defaultConfigurationName = Release;
		};
		462FA91E1E6475A6006DEFC6 /* Build configuration list for PBXNativeTarget "Assignment6" */ = {
			isa = XCConfigurationList;
			buildConfigurations = (
				462FA91F1E6475A6006DEFC6 /* Debug */,
				462FA9201E6475A6006DEFC6 /* Release */,
			);
			defaultConfigurationIsVisible = 0;
			defaultConfigurationName = Release;
		};
/* End XCConfigurationList section */
	};
	rootObject = 462FA90F1E6475A5006DEFC6 /* Project object */;
}
