// !$*UTF8*$!
{
	archiveVersion = 1;
	classes = {
	};
	objectVersion = 46;
	objects = {

/* Begin PBXBuildFile section */
		4671D5021E64CC7200C5F42F /* main.cpp in Sources */ = {isa = PBXBuildFile; fileRef = 4671D5011E64CC7200C5F42F /* main.cpp */; };
/* End PBXBuildFile section */

/* Begin PBXCopyFilesBuildPhase section */
		4671D4FC1E64CC7200C5F42F /* CopyFiles */ = {
			isa = PBXCopyFilesBuildPhase;
			buildActionMask = 2147483647;
			dstPath = /usr/share/man/man1/;
			dstSubfolderSpec = 0;
			files = (
			);
			runOnlyForDeploymentPostprocessing = 1;
		};
/* End PBXCopyFilesBuildPhase section */

/* Begin PBXFileReference section */
		4671D4FE1E64CC7200C5F42F /* Recitation7 */ = {isa = PBXFileReference; explicitFileType = "compiled.mach-o.executable"; includeInIndex = 0; path = Recitation7; sourceTree = BUILT_PRODUCTS_DIR; };
		4671D5011E64CC7200C5F42F /* main.cpp */ = {isa = PBXFileReference; lastKnownFileType = sourcecode.cpp.cpp; path = main.cpp; sourceTree = "<group>"; };
/* End PBXFileReference section */

/* Begin PBXFrameworksBuildPhase section */
		4671D4FB1E64CC7200C5F42F /* Frameworks */ = {
			isa = PBXFrameworksBuildPhase;
			buildActionMask = 2147483647;
			files = (
			);
			runOnlyForDeploymentPostprocessing = 0;
		};
/* End PBXFrameworksBuildPhase section */

/* Begin PBXGroup section */
		4671D4F51E64CC7200C5F42F = {
			isa = PBXGroup;
			children = (
				4671D5001E64CC7200C5F42F /* Recitation7 */,
				4671D4FF1E64CC7200C5F42F /* Products */,
			);
			sourceTree = "<group>";
		};
		4671D4FF1E64CC7200C5F42F /* Products */ = {
			isa = PBXGroup;
			children = (
				4671D4FE1E64CC7200C5F42F /* Recitation7 */,
			);
			name = Products;
			sourceTree = "<group>";
		};
		4671D5001E64CC7200C5F42F /* Recitation7 */ = {
			isa = PBXGroup;
			children = (
				4671D5011E64CC7200C5F42F /* main.cpp */,
			);
			path = Recitation7;
			sourceTree = "<group>";
		};
/* End PBXGroup section */

/* Begin PBXNativeTarget section */
		4671D4FD1E64CC7200C5F42F /* Recitation7 */ = {
			isa = PBXNativeTarget;
			buildConfigurationList = 4671D5051E64CC7200C5F42F /* Build configuration list for PBXNativeTarget "Recitation7" */;
			buildPhases = (
				4671D4FA1E64CC7200C5F42F /* Sources */,
				4671D4FB1E64CC7200C5F42F /* Frameworks */,
				4671D4FC1E64CC7200C5F42F /* CopyFiles */,
			);
			buildRules = (
			);
			dependencies = (
			);
			name = Recitation7;
			productName = Recitation7;
			productReference = 4671D4FE1E64CC7200C5F42F /* Recitation7 */;
			productType = "com.apple.product-type.tool";
		};
/* End PBXNativeTarget section */

/* Begin PBXProject section */
		4671D4F61E64CC7200C5F42F /* Project object */ = {
			isa = PBXProject;
			attributes = {
				LastUpgradeCheck = 0820;
				ORGANIZATIONNAME = "John Keller";
				TargetAttributes = {
					4671D4FD1E64CC7200C5F42F = {
						CreatedOnToolsVersion = 8.2.1;
						DevelopmentTeam = LU2S86842K;
						ProvisioningStyle = Automatic;
					};
				};
			};
			buildConfigurationList = 4671D4F91E64CC7200C5F42F /* Build configuration list for PBXProject "Recitation7" */;
			compatibilityVersion = "Xcode 3.2";
			developmentRegion = English;
			hasScannedForEncodings = 0;
			knownRegions = (
				en,
			);
			mainGroup = 4671D4F51E64CC7200C5F42F;
			productRefGroup = 4671D4FF1E64CC7200C5F42F /* Products */;
			projectDirPath = "";
			projectRoot = "";
			targets = (
				4671D4FD1E64CC7200C5F42F /* Recitation7 */,
			);
		};
/* End PBXProject section */

/* Begin PBXSourcesBuildPhase section */
		4671D4FA1E64CC7200C5F42F /* Sources */ = {
			isa = PBXSourcesBuildPhase;
			buildActionMask = 2147483647;
			files = (
				4671D5021E64CC7200C5F42F /* main.cpp in Sources */,
			);
			runOnlyForDeploymentPostprocessing = 0;
		};
/* End PBXSourcesBuildPhase section */

/* Begin XCBuildConfiguration section */
		4671D5031E64CC7200C5F42F /* Debug */ = {
			isa = XCBuildConfiguration;
			buildSettings = {
				ALWAYS_SEARCH_USER_PATHS = NO;
				CLANG_ANALYZER_NONNULL = YES;
				CLANG_CXX_LANGUAGE_STANDARD = "gnu++0x";
				CLANG_CXX_LIBRARY = "libc++";
				CLANG_ENABLE_MODULES = YES;
				CLANG_ENABLE_OBJC_ARC = YES;
				CLANG_WARN_BOOL_CONVERSION = YES;
				CLANG_WARN_CONSTANT_CONVERSION = YES;
				CLANG_WARN_DIRECT_OBJC_ISA_USAGE = YES_ERROR;
				CLANG_WARN_DOCUMENTATION_COMMENTS = YES;
				CLANG_WARN_EMPTY_BODY = YES;
				CLANG_WARN_ENUM_CONVERSION = YES;
				CLANG_WARN_INFINITE_RECURSION = YES;
				CLANG_WARN_INT_CONVERSION = YES;
				CLANG_WARN_OBJC_ROOT_CLASS = YES_ERROR;
				CLANG_WARN_SUSPICIOUS_MOVE = YES;
				CLANG_WARN_UNREACHABLE_CODE = YES;
				CLANG_WARN__DUPLICATE_METHOD_MATCH = YES;
				CODE_SIGN_IDENTITY = "-";
				COPY_PHASE_STRIP = NO;
				DEBUG_INFORMATION_FORMAT = dwarf;
				ENABLE_STRICT_OBJC_MSGSEND = YES;
				ENABLE_TESTABILITY = YES;
				GCC_C_LANGUAGE_STANDARD = gnu99;
				GCC_DYNAMIC_NO_PIC = NO;
				GCC_NO_COMMON_BLOCKS = YES;
				GCC_OPTIMIZATION_LEVEL = 0;
				GCC_PREPROCESSOR_DEFINITIONS = (
					"DEBUG=1",
					"$(inherited)",
				);
				GCC_WARN_64_TO_32_BIT_CONVERSION = YES;
				GCC_WARN_ABOUT_RETURN_TYPE = YES_ERROR;
				GCC_WARN_UNDECLARED_SELECTOR = YES;
				GCC_WARN_UNINITIALIZED_AUTOS = YES_AGGRESSIVE;
				GCC_WARN_UNUSED_FUNCTION = YES;
				GCC_WARN_UNUSED_VARIABLE = YES;
				MACOSX_DEPLOYMENT_TARGET = 10.12;
				MTL_ENABLE_DEBUG_INFO = YES;
				ONLY_ACTIVE_ARCH = YES;
				SDKROOT = macosx;
			};
			name = Debug;
		};
		4671D5041E64CC7200C5F42F /* Release */ = {
			isa = XCBuildConfiguration;
			buildSettings = {
				ALWAYS_SEARCH_USER_PATHS = NO;
				CLANG_ANALYZER_NONNULL = YES;
				CLANG_CXX_LANGUAGE_STANDARD = "gnu++0x";
				CLANG_CXX_LIBRARY = "libc++";
				CLANG_ENABLE_MODULES = YES;
				CLANG_ENABLE_OBJC_ARC = YES;
				CLANG_WARN_BOOL_CONVERSION = YES;
				CLANG_WARN_CONSTANT_CONVERSION = YES;
				CLANG_WARN_DIRECT_OBJC_ISA_USAGE = YES_ERROR;
				CLANG_WARN_DOCUMENTATION_COMMENTS = YES;
				CLANG_WARN_EMPTY_BODY = YES;
				CLANG_WARN_ENUM_CONVERSION = YES;
				CLANG_WARN_INFINITE_RECURSION = YES;
				CLANG_WARN_INT_CONVERSION = YES;
				CLANG_WARN_OBJC_ROOT_CLASS = YES_ERROR;
				CLANG_WARN_SUSPICIOUS_MOVE = YES;
				CLANG_WARN_UNREACHABLE_CODE = YES;
				CLANG_WARN__DUPLICATE_METHOD_MATCH = YES;
				CODE_SIGN_IDENTITY = "-";
				COPY_PHASE_STRIP = NO;
				DEBUG_INFORMATION_FORMAT = "dwarf-with-dsym";
				ENABLE_NS_ASSERTIONS = NO;
				ENABLE_STRICT_OBJC_MSGSEND = YES;
				GCC_C_LANGUAGE_STANDARD = gnu99;
				GCC_NO_COMMON_BLOCKS = YES;
				GCC_WARN_64_TO_32_BIT_CONVERSION = YES;
				GCC_WARN_ABOUT_RETURN_TYPE = YES_ERROR;
				GCC_WARN_UNDECLARED_SELECTOR = YES;
				GCC_WARN_UNINITIALIZED_AUTOS = YES_AGGRESSIVE;
				GCC_WARN_UNUSED_FUNCTION = YES;
				GCC_WARN_UNUSED_VARIABLE = YES;
				MACOSX_DEPLOYMENT_TARGET = 10.12;
				MTL_ENABLE_DEBUG_INFO = NO;
				SDKROOT = macosx;
			};
			name = Release;
		};
		4671D5061E64CC7200C5F42F /* Debug */ = {
			isa = XCBuildConfiguration;
			buildSettings = {
				DEVELOPMENT_TEAM = LU2S86842K;
				PRODUCT_NAME = "$(TARGET_NAME)";
			};
			name = Debug;
		};
		4671D5071E64CC7200C5F42F /* Release */ = {
			isa = XCBuildConfiguration;
			buildSettings = {
				DEVELOPMENT_TEAM = LU2S86842K;
				PRODUCT_NAME = "$(TARGET_NAME)";
			};
			name = Release;
		};
/* End XCBuildConfiguration section */

/* Begin XCConfigurationList section */
		4671D4F91E64CC7200C5F42F /* Build configuration list for PBXProject "Recitation7" */ = {
			isa = XCConfigurationList;
			buildConfigurations = (
				4671D5031E64CC7200C5F42F /* Debug */,
				4671D5041E64CC7200C5F42F /* Release */,
			);
			defaultConfigurationIsVisible = 0;
			defaultConfigurationName = Release;
		};
		4671D5051E64CC7200C5F42F /* Build configuration list for PBXNativeTarget "Recitation7" */ = {
			isa = XCConfigurationList;
			buildConfigurations = (
				4671D5061E64CC7200C5F42F /* Debug */,
				4671D5071E64CC7200C5F42F /* Release */,
			);
			defaultConfigurationIsVisible = 0;
		};
/* End XCConfigurationList section */
	};
	rootObject = 4671D4F61E64CC7200C5F42F /* Project object */;
}
