// !$*UTF8*$!
{
	archiveVersion = 1;
	classes = {
	};
	objectVersion = 46;
	objects = {

/* Begin PBXBuildFile section */
		462DBD381E93FB3A007E8B50 /* main.cpp in Sources */ = {isa = PBXBuildFile; fileRef = 462DBD371E93FB3A007E8B50 /* main.cpp */; };
		462DBD401E93FB61007E8B50 /* rect.cpp in Sources */ = {isa = PBXBuildFile; fileRef = 462DBD3E1E93FB61007E8B50 /* rect.cpp */; };
/* End PBXBuildFile section */

/* Begin PBXCopyFilesBuildPhase section */
		462DBD321E93FB3A007E8B50 /* CopyFiles */ = {
			isa = PBXCopyFilesBuildPhase;
			buildActionMask = 2147483647;
			dstPath = /usr/share/man/man1/;
			dstSubfolderSpec = 0;
			files = (
			);
			runOnlyForDeploymentPostprocessing = 1;
		};
/* End PBXCopyFilesBuildPhase section */

/* Begin PBXFileReference section */
		462DBD341E93FB3A007E8B50 /* Recitation11 */ = {isa = PBXFileReference; explicitFileType = "compiled.mach-o.executable"; includeInIndex = 0; path = Recitation11; sourceTree = BUILT_PRODUCTS_DIR; };
		462DBD371E93FB3A007E8B50 /* main.cpp */ = {isa = PBXFileReference; lastKnownFileType = sourcecode.cpp.cpp; path = main.cpp; sourceTree = "<group>"; };
		462DBD3E1E93FB61007E8B50 /* rect.cpp */ = {isa = PBXFileReference; fileEncoding = 4; lastKnownFileType = sourcecode.cpp.cpp; path = rect.cpp; sourceTree = "<group>"; };
		462DBD3F1E93FB61007E8B50 /* rect.h */ = {isa = PBXFileReference; fileEncoding = 4; lastKnownFileType = sourcecode.c.h; path = rect.h; sourceTree = "<group>"; };
/* End PBXFileReference section */

/* Begin PBXFrameworksBuildPhase section */
		462DBD311E93FB3A007E8B50 /* Frameworks */ = {
			isa = PBXFrameworksBuildPhase;
			buildActionMask = 2147483647;
			files = (
			);
			runOnlyForDeploymentPostprocessing = 0;
		};
/* End PBXFrameworksBuildPhase section */

/* Begin PBXGroup section */
		462DBD2B1E93FB39007E8B50 = {
			isa = PBXGroup;
			children = (
				462DBD361E93FB3A007E8B50 /* Recitation11 */,
				462DBD351E93FB3A007E8B50 /* Products */,
			);
			sourceTree = "<group>";
		};
		462DBD351E93FB3A007E8B50 /* Products */ = {
			isa = PBXGroup;
			children = (
				462DBD341E93FB3A007E8B50 /* Recitation11 */,
			);
			name = Products;
			sourceTree = "<group>";
		};
		462DBD361E93FB3A007E8B50 /* Recitation11 */ = {
			isa = PBXGroup;
			children = (
				462DBD371E93FB3A007E8B50 /* main.cpp */,
				462DBD3E1E93FB61007E8B50 /* rect.cpp */,
				462DBD3F1E93FB61007E8B50 /* rect.h */,
			);
			path = Recitation11;
			sourceTree = "<group>";
		};
/* End PBXGroup section */

/* Begin PBXNativeTarget section */
		462DBD331E93FB3A007E8B50 /* Recitation11 */ = {
			isa = PBXNativeTarget;
			buildConfigurationList = 462DBD3B1E93FB3A007E8B50 /* Build configuration list for PBXNativeTarget "Recitation11" */;
			buildPhases = (
				462DBD301E93FB3A007E8B50 /* Sources */,
				462DBD311E93FB3A007E8B50 /* Frameworks */,
				462DBD321E93FB3A007E8B50 /* CopyFiles */,
			);
			buildRules = (
			);
			dependencies = (
			);
			name = Recitation11;
			productName = Recitation11;
			productReference = 462DBD341E93FB3A007E8B50 /* Recitation11 */;
			productType = "com.apple.product-type.tool";
		};
/* End PBXNativeTarget section */

/* Begin PBXProject section */
		462DBD2C1E93FB39007E8B50 /* Project object */ = {
			isa = PBXProject;
			attributes = {
				LastUpgradeCheck = 0830;
				ORGANIZATIONNAME = "John Keller";
				TargetAttributes = {
					462DBD331E93FB3A007E8B50 = {
						CreatedOnToolsVersion = 8.3;
						DevelopmentTeam = LU2S86842K;
						ProvisioningStyle = Automatic;
					};
				};
			};
			buildConfigurationList = 462DBD2F1E93FB39007E8B50 /* Build configuration list for PBXProject "Recitation11" */;
			compatibilityVersion = "Xcode 3.2";
			developmentRegion = English;
			hasScannedForEncodings = 0;
			knownRegions = (
				en,
			);
			mainGroup = 462DBD2B1E93FB39007E8B50;
			productRefGroup = 462DBD351E93FB3A007E8B50 /* Products */;
			projectDirPath = "";
			projectRoot = "";
			targets = (
				462DBD331E93FB3A007E8B50 /* Recitation11 */,
			);
		};
/* End PBXProject section */

/* Begin PBXSourcesBuildPhase section */
		462DBD301E93FB3A007E8B50 /* Sources */ = {
			isa = PBXSourcesBuildPhase;
			buildActionMask = 2147483647;
			files = (
				462DBD381E93FB3A007E8B50 /* main.cpp in Sources */,
				462DBD401E93FB61007E8B50 /* rect.cpp in Sources */,
			);
			runOnlyForDeploymentPostprocessing = 0;
		};
/* End PBXSourcesBuildPhase section */

/* Begin XCBuildConfiguration section */
		462DBD391E93FB3A007E8B50 /* Debug */ = {
			isa = XCBuildConfiguration;
			buildSettings = {
				ALWAYS_SEARCH_USER_PATHS = NO;
				CLANG_ANALYZER_NONNULL = YES;
				CLANG_ANALYZER_NUMBER_OBJECT_CONVERSION = YES_AGGRESSIVE;
				CLANG_CXX_LANGUAGE_STANDARD = "gnu++0x";
				CLANG_CXX_LIBRARY = "libc++";
				CLANG_ENABLE_MODULES = YES;
				CLANG_ENABLE_OBJC_ARC = YES;
				CLANG_WARN_BOOL_CONVERSION = YES;
				CLANG_WARN_CONSTANT_CONVERSION = YES;
				CLANG_WARN_DIRECT_OBJC_ISA_USAGE = YES_ERROR;
				CLANG_WARN_DOCUMENTATION_COMMENTS = YES;
				CLANG_WARN_EMPTY_BODY = YES;
				CLANG_WARN_ENUM_CONVERSION = YES;
				CLANG_WARN_INFINITE_RECURSION = YES;
				CLANG_WARN_INT_CONVERSION = YES;
				CLANG_WARN_OBJC_ROOT_CLASS = YES_ERROR;
				CLANG_WARN_SUSPICIOUS_MOVE = YES;
				CLANG_WARN_UNREACHABLE_CODE = YES;
				CLANG_WARN__DUPLICATE_METHOD_MATCH = YES;
				CODE_SIGN_IDENTITY = "-";
				COPY_PHASE_STRIP = NO;
				DEBUG_INFORMATION_FORMAT = dwarf;
				ENABLE_STRICT_OBJC_MSGSEND = YES;
				ENABLE_TESTABILITY = YES;
				GCC_C_LANGUAGE_STANDARD = gnu99;
				GCC_DYNAMIC_NO_PIC = NO;
				GCC_NO_COMMON_BLOCKS = YES;
				GCC_OPTIMIZATION_LEVEL = 0;
				GCC_PREPROCESSOR_DEFINITIONS = (
					"DEBUG=1",
					"$(inherited)",
				);
				GCC_WARN_64_TO_32_BIT_CONVERSION = YES;
				GCC_WARN_ABOUT_RETURN_TYPE = YES_ERROR;
				GCC_WARN_UNDECLARED_SELECTOR = YES;
				GCC_WARN_UNINITIALIZED_AUTOS = YES_AGGRESSIVE;
				GCC_WARN_UNUSED_FUNCTION = YES;
				GCC_WARN_UNUSED_VARIABLE = YES;
				MACOSX_DEPLOYMENT_TARGET = 10.12;
				MTL_ENABLE_DEBUG_INFO = YES;
				ONLY_ACTIVE_ARCH = YES;
				SDKROOT = macosx;
			};
			name = Debug;
		};
		462DBD3A1E93FB3A007E8B50 /* Release */ = {
			isa = XCBuildConfiguration;
			buildSettings = {
				ALWAYS_SEARCH_USER_PATHS = NO;
				CLANG_ANALYZER_NONNULL = YES;
				CLANG_ANALYZER_NUMBER_OBJECT_CONVERSION = YES_AGGRESSIVE;
				CLANG_CXX_LANGUAGE_STANDARD = "gnu++0x";
				CLANG_CXX_LIBRARY = "libc++";
				CLANG_ENABLE_MODULES = YES;
				CLANG_ENABLE_OBJC_ARC = YES;
				CLANG_WARN_BOOL_CONVERSION = YES;
				CLANG_WARN_CONSTANT_CONVERSION = YES;
				CLANG_WARN_DIRECT_OBJC_ISA_USAGE = YES_ERROR;
				CLANG_WARN_DOCUMENTATION_COMMENTS = YES;
				CLANG_WARN_EMPTY_BODY = YES;
				CLANG_WARN_ENUM_CONVERSION = YES;
				CLANG_WARN_INFINITE_RECURSION = YES;
				CLANG_WARN_INT_CONVERSION = YES;
				CLANG_WARN_OBJC_ROOT_CLASS = YES_ERROR;
				CLANG_WARN_SUSPICIOUS_MOVE = YES;
				CLANG_WARN_UNREACHABLE_CODE = YES;
				CLANG_WARN__DUPLICATE_METHOD_MATCH = YES;
				CODE_SIGN_IDENTITY = "-";
				COPY_PHASE_STRIP = NO;
				DEBUG_INFORMATION_FORMAT = "dwarf-with-dsym";
				ENABLE_NS_ASSERTIONS = NO;
				ENABLE_STRICT_OBJC_MSGSEND = YES;
				GCC_C_LANGUAGE_STANDARD = gnu99;
				GCC_NO_COMMON_BLOCKS = YES;
				GCC_WARN_64_TO_32_BIT_CONVERSION = YES;
				GCC_WARN_ABOUT_RETURN_TYPE = YES_ERROR;
				GCC_WARN_UNDECLARED_SELECTOR = YES;
				GCC_WARN_UNINITIALIZED_AUTOS = YES_AGGRESSIVE;
				GCC_WARN_UNUSED_FUNCTION = YES;
				GCC_WARN_UNUSED_VARIABLE = YES;
				MACOSX_DEPLOYMENT_TARGET = 10.12;
				MTL_ENABLE_DEBUG_INFO = NO;
				SDKROOT = macosx;
			};
			name = Release;
		};
		462DBD3C1E93FB3A007E8B50 /* Debug */ = {
			isa = XCBuildConfiguration;
			buildSettings = {
				ARCHS = "$(ARCHS_STANDARD)";
				DEVELOPMENT_TEAM = LU2S86842K;
				PRODUCT_NAME = "$(TARGET_NAME)";
			};
			name = Debug;
		};
		462DBD3D1E93FB3A007E8B50 /* Release */ = {
			isa = XCBuildConfiguration;
			buildSettings = {
				ARCHS = "$(ARCHS_STANDARD)";
				DEVELOPMENT_TEAM = LU2S86842K;
				PRODUCT_NAME = "$(TARGET_NAME)";
			};
			name = Release;
		};
/* End XCBuildConfiguration section */

/* Begin XCConfigurationList section */
		462DBD2F1E93FB39007E8B50 /* Build configuration list for PBXProject "Recitation11" */ = {
			isa = XCConfigurationList;
			buildConfigurations = (
				462DBD391E93FB3A007E8B50 /* Debug */,
				462DBD3A1E93FB3A007E8B50 /* Release */,
			);
			defaultConfigurationIsVisible = 0;
			defaultConfigurationName = Release;
		};
		462DBD3B1E93FB3A007E8B50 /* Build configuration list for PBXNativeTarget "Recitation11" */ = {
			isa = XCConfigurationList;
			buildConfigurations = (
				462DBD3C1E93FB3A007E8B50 /* Debug */,
				462DBD3D1E93FB3A007E8B50 /* Release */,
			);
			defaultConfigurationIsVisible = 0;
		};
/* End XCConfigurationList section */
	};
	rootObject = 462DBD2C1E93FB39007E8B50 /* Project object */;
}
